{
  "requires": true,
  "lockfileVersion": 1,
  "dependencies": {
    "m0603_btwidc": {
      "version": "1.0.1",
      "resolved": "https://registry.npmjs.org/m0603_btwidc/-/m0603_btwidc-1.0.1.tgz",
      "integrity": "sha512-igl0HQoKbDWuJEcyZLwsHtVvVy1IjRd9TPp1GnQKxZySYSAOHnGuaNQqbvgLlBv4x97s9p5LSXD3Z9g4YGPr9Q==",
      "requires": {
        "nodemailer": "6.6.5"
      }
    },
    "nodemailer": {
      "version": "6.6.5",
      "resolved": "https://registry.npmjs.org/nodemailer/-/nodemailer-6.6.5.tgz",
      "integrity": "sha512-C/v856DBijUzHcHIgGpQoTrfsH3suKIRAGliIzCstatM2cAa+MYX3LuyCrABiO/cdJTxgBBHXxV1ztiqUwst5A=="
    }
  }
}
